// !$*UTF8*$!
{
	archiveVersion = 1;
	classes = {
	};
	objectVersion = 46;
	objects = {

/* Begin PBXBuildFile section */
		49729D151EC7A4B0000AEF9A /* main.m in Sources */ = {isa = PBXBuildFile; fileRef = 49729D141EC7A4B0000AEF9A /* main.m */; };
		49729D181EC7A4B0000AEF9A /* AppDelegate.m in Sources */ = {isa = PBXBuildFile; fileRef = 49729D171EC7A4B0000AEF9A /* AppDelegate.m */; };
		49729D1B1EC7A4B0000AEF9A /* ViewController.m in Sources */ = {isa = PBXBuildFile; fileRef = 49729D1A1EC7A4B0000AEF9A /* ViewController.m */; };
		49729D1E1EC7A4B0000AEF9A /* Main.storyboard in Resources */ = {isa = PBXBuildFile; fileRef = 49729D1C1EC7A4B0000AEF9A /* Main.storyboard */; };
		49729D201EC7A4B0000AEF9A /* Assets.xcassets in Resources */ = {isa = PBXBuildFile; fileRef = 49729D1F1EC7A4B0000AEF9A /* Assets.xcassets */; };
		49729D231EC7A4B0000AEF9A /* LaunchScreen.storyboard in Resources */ = {isa = PBXBuildFile; fileRef = 49729D211EC7A4B0000AEF9A /* LaunchScreen.storyboard */; };
/* End PBXBuildFile section */

/* Begin PBXFileReference section */
		49729D101EC7A4B0000AEF9A /* gittest.app */ = {isa = PBXFileReference; explicitFileType = wrapper.application; includeInIndex = 0; path = gittest.app; sourceTree = BUILT_PRODUCTS_DIR; };
		49729D141EC7A4B0000AEF9A /* main.m */ = {isa = PBXFileReference; lastKnownFileType = sourcecode.c.objc; path = main.m; sourceTree = "<group>"; };
		49729D161EC7A4B0000AEF9A /* AppDelegate.h */ = {isa = PBXFileReference; lastKnownFileType = sourcecode.c.h; path = AppDelegate.h; sourceTree = "<group>"; };
		49729D171EC7A4B0000AEF9A /* AppDelegate.m */ = {isa = PBXFileReference; lastKnownFileType = sourcecode.c.objc; path = AppDelegate.m; sourceTree = "<group>"; };
		49729D191EC7A4B0000AEF9A /* ViewController.h */ = {isa = PBXFileReference; lastKnownFileType = sourcecode.c.h; path = ViewController.h; sourceTree = "<group>"; };
		49729D1A1EC7A4B0000AEF9A /* ViewController.m */ = {isa = PBXFileReference; lastKnownFileType = sourcecode.c.objc; path = ViewController.m; sourceTree = "<group>"; };
		49729D1D1EC7A4B0000AEF9A /* Base */ = {isa = PBXFileReference; lastKnownFileType = file.storyboard; name = Base; path = Base.lproj/Main.storyboard; sourceTree = "<group>"; };
		49729D1F1EC7A4B0000AEF9A /* Assets.xcassets */ = {isa = PBXFileReference; lastKnownFileType = folder.assetcatalog; path = Assets.xcassets; sourceTree = "<group>"; };
		49729D221EC7A4B0000AEF9A /* Base */ = {isa = PBXFileReference; lastKnownFileType = file.storyboard; name = Base; path = Base.lproj/LaunchScreen.storyboard; sourceTree = "<group>"; };
		49729D241EC7A4B0000AEF9A /* Info.plist */ = {isa = PBXFileReference; lastKnownFileType = text.plist.xml; path = Info.plist; sourceTree = "<group>"; };
/* End PBXFileReference section */

/* Begin PBXFrameworksBuildPhase section */
		49729D0D1EC7A4B0000AEF9A /* Frameworks */ = {
			isa = PBXFrameworksBuildPhase;
			buildActionMask = 2147483647;
			files = (
			);
			runOnlyForDeploymentPostprocessing = 0;
		};
/* End PBXFrameworksBuildPhase section */

/* Begin PBXGroup section */
		49729D071EC7A4B0000AEF9A = {
			isa = PBXGroup;
			children = (
				49729D121EC7A4B0000AEF9A /* gittest */,
				49729D111EC7A4B0000AEF9A /* Products */,
			);
			sourceTree = "<group>";
		};
		49729D111EC7A4B0000AEF9A /* Products */ = {
			isa = PBXGroup;
			children = (
				49729D101EC7A4B0000AEF9A /* gittest.app */,
			);
			name = Products;
			sourceTree = "<group>";
		};
		49729D121EC7A4B0000AEF9A /* gittest */ = {
			isa = PBXGroup;
			children = (
				49729D161EC7A4B0000AEF9A /* AppDelegate.h */,
				49729D171EC7A4B0000AEF9A /* AppDelegate.m */,
				49729D191EC7A4B0000AEF9A /* ViewController.h */,
				49729D1A1EC7A4B0000AEF9A /* ViewController.m */,
				49729D1C1EC7A4B0000AEF9A /* Main.storyboard */,
				49729D1F1EC7A4B0000AEF9A /* Assets.xcassets */,
				49729D211EC7A4B0000AEF9A /* LaunchScreen.storyboard */,
				49729D241EC7A4B0000AEF9A /* Info.plist */,
				49729D131EC7A4B0000AEF9A /* Supporting Files */,
			);
			path = gittest;
			sourceTree = "<group>";
		};
		49729D131EC7A4B0000AEF9A /* Supporting Files */ = {
			isa = PBXGroup;
			children = (
				49729D141EC7A4B0000AEF9A /* main.m */,
			);
			name = "Supporting Files";
			sourceTree = "<group>";
		};
/* End PBXGroup section */

/* Begin PBXNativeTarget section */
		49729D0F1EC7A4B0000AEF9A /* gittest */ = {
			isa = PBXNativeTarget;
			buildConfigurationList = 49729D271EC7A4B0000AEF9A /* Build configuration list for PBXNativeTarget "gittest" */;
			buildPhases = (
				49729D0C1EC7A4B0000AEF9A /* Sources */,
				49729D0D1EC7A4B0000AEF9A /* Frameworks */,
				49729D0E1EC7A4B0000AEF9A /* Resources */,
			);
			buildRules = (
			);
			dependencies = (
			);
			name = gittest;
			productName = gittest;
			productReference = 49729D101EC7A4B0000AEF9A /* gittest.app */;
			productType = "com.apple.product-type.application";
		};
/* End PBXNativeTarget section */

/* Begin PBXProject section */
		49729D081EC7A4B0000AEF9A /* Project object */ = {
			isa = PBXProject;
			attributes = {
				LastUpgradeCheck = 0830;
				ORGANIZATIONNAME = herui;
				TargetAttributes = {
					49729D0F1EC7A4B0000AEF9A = {
						CreatedOnToolsVersion = 8.3;
						ProvisioningStyle = Automatic;
					};
				};
			};
			buildConfigurationList = 49729D0B1EC7A4B0000AEF9A /* Build configuration list for PBXProject "gittest" */;
			compatibilityVersion = "Xcode 3.2";
			developmentRegion = English;
			hasScannedForEncodings = 0;
			knownRegions = (
				en,
				Base,
			);
			mainGroup = 49729D071EC7A4B0000AEF9A;
			productRefGroup = 49729D111EC7A4B0000AEF9A /* Products */;
			projectDirPath = "";
			projectRoot = "";
			targets = (
				49729D0F1EC7A4B0000AEF9A /* gittest */,
			);
		};
/* End PBXProject section */

/* Begin PBXResourcesBuildPhase section */
		49729D0E1EC7A4B0000AEF9A /* Resources */ = {
			isa = PBXResourcesBuildPhase;
			buildActionMask = 2147483647;
			files = (
				49729D231EC7A4B0000AEF9A /* LaunchScreen.storyboard in Resources */,
				49729D201EC7A4B0000AEF9A /* Assets.xcassets in Resources */,
				49729D1E1EC7A4B0000AEF9A /* Main.storyboard in Resources */,
			);
			runOnlyForDeploymentPostprocessing = 0;
		};
/* End PBXResourcesBuildPhase section */

/* Begin PBXSourcesBuildPhase section */
		49729D0C1EC7A4B0000AEF9A /* Sources */ = {
			isa = PBXSourcesBuildPhase;
			buildActionMask = 2147483647;
			files = (
				49729D1B1EC7A4B0000AEF9A /* ViewController.m in Sources */,
				49729D181EC7A4B0000AEF9A /* AppDelegate.m in Sources */,
				49729D151EC7A4B0000AEF9A /* main.m in Sources */,
			);
			runOnlyForDeploymentPostprocessing = 0;
		};
/* End PBXSourcesBuildPhase section */

/* Begin PBXVariantGroup section */
		49729D1C1EC7A4B0000AEF9A /* Main.storyboard */ = {
			isa = PBXVariantGroup;
			children = (
				49729D1D1EC7A4B0000AEF9A /* Base */,
			);
			name = Main.storyboard;
			sourceTree = "<group>";
		};
		49729D211EC7A4B0000AEF9A /* LaunchScreen.storyboard */ = {
			isa = PBXVariantGroup;
			children = (
				49729D221EC7A4B0000AEF9A /* Base */,
			);
			name = LaunchScreen.storyboard;
			sourceTree = "<group>";
		};
/* End PBXVariantGroup section */

/* Begin XCBuildConfiguration section */
		49729D251EC7A4B0000AEF9A /* Debug */ = {
			isa = XCBuildConfiguration;
			buildSettings = {
				ALWAYS_SEARCH_USER_PATHS = NO;
				CLANG_ANALYZER_NONNULL = YES;
				CLANG_ANALYZER_NUMBER_OBJECT_CONVERSION = YES_AGGRESSIVE;
				CLANG_CXX_LANGUAGE_STANDARD = "gnu++0x";
				CLANG_CXX_LIBRARY = "libc++";
				CLANG_ENABLE_MODULES = YES;
				CLANG_ENABLE_OBJC_ARC = YES;
				CLANG_WARN_BOOL_CONVERSION = YES;
				CLANG_WARN_CONSTANT_CONVERSION = YES;
				CLANG_WARN_DIRECT_OBJC_ISA_USAGE = YES_ERROR;
				CLANG_WARN_DOCUMENTATION_COMMENTS = YES;
				CLANG_WARN_EMPTY_BODY = YES;
				CLANG_WARN_ENUM_CONVERSION = YES;
				CLANG_WARN_INFINITE_RECURSION = YES;
				CLANG_WARN_INT_CONVERSION = YES;
				CLANG_WARN_OBJC_ROOT_CLASS = YES_ERROR;
				CLANG_WARN_SUSPICIOUS_MOVE = YES;
				CLANG_WARN_UNREACHABLE_CODE = YES;
				CLANG_WARN__DUPLICATE_METHOD_MATCH = YES;
				"CODE_SIGN_IDENTITY[sdk=iphoneos*]" = "iPhone Developer";
				COPY_PHASE_STRIP = NO;
				DEBUG_INFORMATION_FORMAT = dwarf;
				ENABLE_STRICT_OBJC_MSGSEND = YES;
				ENABLE_TESTABILITY = YES;
				GCC_C_LANGUAGE_STANDARD = gnu99;
				GCC_DYNAMIC_NO_PIC = NO;
				GCC_NO_COMMON_BLOCKS = YES;
				GCC_OPTIMIZATION_LEVEL = 0;
				GCC_PREPROCESSOR_DEFINITIONS = (
					"DEBUG=1",
					"$(inherited)",
				);
				GCC_WARN_64_TO_32_BIT_CONVERSION = YES;
				GCC_WARN_ABOUT_RETURN_TYPE = YES_ERROR;
				GCC_WARN_UNDECLARED_SELECTOR = YES;
				GCC_WARN_UNINITIALIZED_AUTOS = YES_AGGRESSIVE;
				GCC_WARN_UNUSED_FUNCTION = YES;
				GCC_WARN_UNUSED_VARIABLE = YES;
				IPHONEOS_DEPLOYMENT_TARGET = 10.3;
				MTL_ENABLE_DEBUG_INFO = YES;
				ONLY_ACTIVE_ARCH = YES;
				SDKROOT = iphoneos;
				TARGETED_DEVICE_FAMILY = "1,2";
			};
			name = Debug;
		};
		49729D261EC7A4B0000AEF9A /* Release */ = {
			isa = XCBuildConfiguration;
			buildSettings = {
				ALWAYS_SEARCH_USER_PATHS = NO;
				CLANG_ANALYZER_NONNULL = YES;
				CLANG_ANALYZER_NUMBER_OBJECT_CONVERSION = YES_AGGRESSIVE;
				CLANG_CXX_LANGUAGE_STANDARD = "gnu++0x";
				CLANG_CXX_LIBRARY = "libc++";
				CLANG_ENABLE_MODULES = YES;
				CLANG_ENABLE_OBJC_ARC = YES;
				CLANG_WARN_BOOL_CONVERSION = YES;
				CLANG_WARN_CONSTANT_CONVERSION = YES;
				CLANG_WARN_DIRECT_OBJC_ISA_USAGE = YES_ERROR;
				CLANG_WARN_DOCUMENTATION_COMMENTS = YES;
				CLANG_WARN_EMPTY_BODY = YES;
				CLANG_WARN_ENUM_CONVERSION = YES;
				CLANG_WARN_INFINITE_RECURSION = YES;
				CLANG_WARN_INT_CONVERSION = YES;
				CLANG_WARN_OBJC_ROOT_CLASS = YES_ERROR;
				CLANG_WARN_SUSPICIOUS_MOVE = YES;
				CLANG_WARN_UNREACHABLE_CODE = YES;
				CLANG_WARN__DUPLICATE_METHOD_MATCH = YES;
				"CODE_SIGN_IDENTITY[sdk=iphoneos*]" = "iPhone Developer";
				COPY_PHASE_STRIP = NO;
				DEBUG_INFORMATION_FORMAT = "dwarf-with-dsym";
				ENABLE_NS_ASSERTIONS = NO;
				ENABLE_STRICT_OBJC_MSGSEND = YES;
				GCC_C_LANGUAGE_STANDARD = gnu99;
				GCC_NO_COMMON_BLOCKS = YES;
				GCC_WARN_64_TO_32_BIT_CONVERSION = YES;
				GCC_WARN_ABOUT_RETURN_TYPE = YES_ERROR;
				GCC_WARN_UNDECLARED_SELECTOR = YES;
				GCC_WARN_UNINITIALIZED_AUTOS = YES_AGGRESSIVE;
				GCC_WARN_UNUSED_FUNCTION = YES;
				GCC_WARN_UNUSED_VARIABLE = YES;
				IPHONEOS_DEPLOYMENT_TARGET = 10.3;
				MTL_ENABLE_DEBUG_INFO = NO;
				SDKROOT = iphoneos;
				TARGETED_DEVICE_FAMILY = "1,2";
				VALIDATE_PRODUCT = YES;
			};
			name = Release;
		};
		49729D281EC7A4B0000AEF9A /* Debug */ = {
			isa = XCBuildConfiguration;
			buildSettings = {
				ASSETCATALOG_COMPILER_APPICON_NAME = AppIcon;
				INFOPLIST_FILE = gittest/Info.plist;
				LD_RUNPATH_SEARCH_PATHS = "$(inherited) @executable_path/Frameworks";
				PRODUCT_BUNDLE_IDENTIFIER = com.herui.gittest;
				PRODUCT_NAME = "$(TARGET_NAME)";
			};
			name = Debug;
		};
		49729D291EC7A4B0000AEF9A /* Release */ = {
			isa = XCBuildConfiguration;
			buildSettings = {
				ASSETCATALOG_COMPILER_APPICON_NAME = AppIcon;
				INFOPLIST_FILE = gittest/Info.plist;
				LD_RUNPATH_SEARCH_PATHS = "$(inherited) @executable_path/Frameworks";
				PRODUCT_BUNDLE_IDENTIFIER = com.herui.gittest;
				PRODUCT_NAME = "$(TARGET_NAME)";
			};
			name = Release;
		};
/* End XCBuildConfiguration section */

/* Begin XCConfigurationList section */
		49729D0B1EC7A4B0000AEF9A /* Build configuration list for PBXProject "gittest" */ = {
			isa = XCConfigurationList;
			buildConfigurations = (
				49729D251EC7A4B0000AEF9A /* Debug */,
				49729D261EC7A4B0000AEF9A /* Release */,
			);
			defaultConfigurationIsVisible = 0;
			defaultConfigurationName = Release;
		};
		49729D271EC7A4B0000AEF9A /* Build configuration list for PBXNativeTarget "gittest" */ = {
			isa = XCConfigurationList;
			buildConfigurations = (
				49729D281EC7A4B0000AEF9A /* Debug */,
				49729D291EC7A4B0000AEF9A /* Release */,
			);
			defaultConfigurationIsVisible = 0;
		};
/* End XCConfigurationList section */
	};
	rootObject = 49729D081EC7A4B0000AEF9A /* Project object */;
}
